
Microsoft Visual Studio Solution File, Format Version 12.00
# Visual Studio 14
VisualStudioVersion = 14.0.23107.0
MinimumVisualStudioVersion = 10.0.40219.1
Project("{FAE04EC0-301F-11D3-BF4B-00C04F79EFBC}") = "WebForum", "WebForum\WebForum.csproj", "{E58E2D93-ADB6-4534-8DEB-5CB607ECCDCC}"
EndProject
Global
	GlobalSection(SolutionConfigurationPlatforms) = preSolution
		Debug|Any CPU = Debug|Any CPU
		Release|Any CPU = Release|Any CPU
	EndGlobalSection
	GlobalSection(ProjectConfigurationPlatforms) = postSolution
		{E58E2D93-ADB6-4534-8DEB-5CB607ECCDCC}.Debug|Any CPU.ActiveCfg = Debug|Any CPU
		{E58E2D93-ADB6-4534-8DEB-5CB607ECCDCC}.Debug|Any CPU.Build.0 = Debug|Any CPU
		{E58E2D93-ADB6-4534-8DEB-5CB607ECCDCC}.Release|Any CPU.ActiveCfg = Release|Any CPU
		{E58E2D93-ADB6-4534-8DEB-5CB607ECCDCC}.Release|Any CPU.Build.0 = Release|Any CPU
	EndGlobalSection
	GlobalSection(SolutionProperties) = preSolution
		HideSolutionNode = FALSE
	EndGlobalSection
EndGlobal
